
Microsoft Visual Studio Solution File, Format Version 12.00
# Visual Studio Version 16
VisualStudioVersion = 16.0.33328.57
MinimumVisualStudioVersion = 10.0.40219.1
Project("{FAE04EC0-301F-11D3-BF4B-00C04F79EFBC}") = "PlantillaBrasil", "PlantillaBrasil\PlantillaBrasil.csproj", "{A7D65B44-F74E-4788-9301-9830CC34583B}"
EndProject
Global
	GlobalSection(SolutionConfigurationPlatforms) = preSolution
		Debug|Any CPU = Debug|Any CPU
		Release|Any CPU = Release|Any CPU
	EndGlobalSection
	GlobalSection(ProjectConfigurationPlatforms) = postSolution
		{A7D65B44-F74E-4788-9301-9830CC34583B}.Debug|Any CPU.ActiveCfg = Debug|Any CPU
		{A7D65B44-F74E-4788-9301-9830CC34583B}.Debug|Any CPU.Build.0 = Debug|Any CPU
		{A7D65B44-F74E-4788-9301-9830CC34583B}.Release|Any CPU.ActiveCfg = Release|Any CPU
		{A7D65B44-F74E-4788-9301-9830CC34583B}.Release|Any CPU.Build.0 = Release|Any CPU
	EndGlobalSection
	GlobalSection(SolutionProperties) = preSolution
		HideSolutionNode = FALSE
	EndGlobalSection
	GlobalSection(ExtensibilityGlobals) = postSolution
		SolutionGuid = {E4248EAE-6720-46A3-B0F2-285972E9032E}
	EndGlobalSection
EndGlobal
